
Microsoft Visual Studio Solution File, Format Version 12.00
# Visual Studio Version 17
VisualStudioVersion = 17.6.33723.286
MinimumVisualStudioVersion = 10.0.40219.1
Project("{FAE04EC0-301F-11D3-BF4B-00C04F79EFBC}") = "ControleServicoAPI", "ControleServicoAPI\ControleServicoAPI.csproj", "{AE467CBC-8E26-410A-8221-9ABEA012D23A}"
EndProject
Global
	GlobalSection(SolutionConfigurationPlatforms) = preSolution
		Debug|Any CPU = Debug|Any CPU
		Release|Any CPU = Release|Any CPU
	EndGlobalSection
	GlobalSection(ProjectConfigurationPlatforms) = postSolution
		{AE467CBC-8E26-410A-8221-9ABEA012D23A}.Debug|Any CPU.ActiveCfg = Debug|Any CPU
		{AE467CBC-8E26-410A-8221-9ABEA012D23A}.Debug|Any CPU.Build.0 = Debug|Any CPU
		{AE467CBC-8E26-410A-8221-9ABEA012D23A}.Release|Any CPU.ActiveCfg = Release|Any CPU
		{AE467CBC-8E26-410A-8221-9ABEA012D23A}.Release|Any CPU.Build.0 = Release|Any CPU
	EndGlobalSection
	GlobalSection(SolutionProperties) = preSolution
		HideSolutionNode = FALSE
	EndGlobalSection
	GlobalSection(ExtensibilityGlobals) = postSolution
		SolutionGuid = {7DB7B1C1-BC2D-46FA-8C52-05E9B9F86D62}
	EndGlobalSection
EndGlobal
